
Microsoft Visual Studio Solution File, Format Version 12.00
# Visual Studio Version 17
VisualStudioVersion = 17.0.31912.275
MinimumVisualStudioVersion = 10.0.40219.1
Project("{2150E333-8FDC-42A3-9474-1A3956D46DE8}") = "Domain", "Domain", "{6AB549F3-7589-45C5-B9A5-93A5B10736B4}"
EndProject
Project("{2150E333-8FDC-42A3-9474-1A3956D46DE8}") = "Infra.Bus", "Infra.Bus", "{16749C43-AF75-4332-8F2C-D5320EB3C803}"
EndProject
Project("{2150E333-8FDC-42A3-9474-1A3956D46DE8}") = "Infra.IoC", "Infra.IoC", "{4F48B776-70B6-46DA-81A6-CBAF99183452}"
EndProject
Project("{2150E333-8FDC-42A3-9474-1A3956D46DE8}") = "Microservices", "Microservices", "{900CD42E-2E1C-4B13-8FA0-4A0358FCD15B}"
EndProject
Project("{9A19103F-16F7-4668-BE54-9A1E7A4F7556}") = "MicroRabbit.Domain.Core", "MicroRabbit.Domain.Core\MicroRabbit.Domain.Core.csproj", "{89C5ED41-562F-40DB-B6C4-9E1DC4D2F8EB}"
EndProject
Project("{9A19103F-16F7-4668-BE54-9A1E7A4F7556}") = "MicroRabbit.Infra.Bus", "MicroRabbit.Infra.Bus\MicroRabbit.Infra.Bus.csproj", "{FCBBCC09-E23D-40C0-89D6-C96633C06E92}"
EndProject
Project("{9A19103F-16F7-4668-BE54-9A1E7A4F7556}") = "MicroRabbit.Infra.IoC", "MicroRabbit.Infra.IoC\MicroRabbit.Infra.IoC.csproj", "{1CB90FFE-3636-4A2C-9A0F-146200185D87}"
EndProject
Project("{2150E333-8FDC-42A3-9474-1A3956D46DE8}") = "Banking", "Banking", "{4648D288-7A2E-4224-A016-3D07B7E25101}"
EndProject
Project("{2150E333-8FDC-42A3-9474-1A3956D46DE8}") = "Api", "Api", "{55A239B1-22B5-4062-93CA-D4358FC850B5}"
EndProject
Project("{2150E333-8FDC-42A3-9474-1A3956D46DE8}") = "Application", "Application", "{EF21DF5C-EBFB-44E2-AA4B-3FE9B12241D8}"
EndProject
Project("{2150E333-8FDC-42A3-9474-1A3956D46DE8}") = "Domain", "Domain", "{61C75F7B-79A0-4177-8311-C0F1AC36539B}"
EndProject
Project("{2150E333-8FDC-42A3-9474-1A3956D46DE8}") = "Data", "Data", "{8E61FF80-7539-4CB2-B580-25EC6775FCB0}"
EndProject
Project("{9A19103F-16F7-4668-BE54-9A1E7A4F7556}") = "MicroRabbit.Banking.Api", "MicroRabbit.Banking.Api\MicroRabbit.Banking.Api.csproj", "{015DA513-FB79-4CF1-A38C-5829BA3C3710}"
EndProject
Project("{9A19103F-16F7-4668-BE54-9A1E7A4F7556}") = "MicroRabbit.Banking.Application", "MicroRabbit.Banking.Application\MicroRabbit.Banking.Application.csproj", "{CC928D39-90BF-4D0D-9A29-1016BFABD918}"
EndProject
Project("{9A19103F-16F7-4668-BE54-9A1E7A4F7556}") = "MicroRabbit.Banking.Data", "MicroRabbit.Banking.Data\MicroRabbit.Banking.Data.csproj", "{12D8A9CA-A79E-495F-87EC-6EBDCD2CDBC3}"
EndProject
Project("{9A19103F-16F7-4668-BE54-9A1E7A4F7556}") = "MicroRabbit.Banking.Domain", "MicroRabbit.Banking.Domain\MicroRabbit.Banking.Domain.csproj", "{AFF4E3AF-D81A-411E-B86F-4D40E8EFF6AE}"
EndProject
Project("{2150E333-8FDC-42A3-9474-1A3956D46DE8}") = "Transfer", "Transfer", "{47C8082E-3A4B-4380-9DF8-A86ADF5F35D0}"
EndProject
Project("{2150E333-8FDC-42A3-9474-1A3956D46DE8}") = "Api", "Api", "{B99535FD-8742-417F-A8C4-E0765494CC95}"
EndProject
Project("{2150E333-8FDC-42A3-9474-1A3956D46DE8}") = "Application", "Application", "{6114CEA8-F58E-44F9-A9BF-092FAF8F47F7}"
EndProject
Project("{2150E333-8FDC-42A3-9474-1A3956D46DE8}") = "Data", "Data", "{2BFA0251-B720-4E2F-A9A7-D2089F020C85}"
EndProject
Project("{2150E333-8FDC-42A3-9474-1A3956D46DE8}") = "Domain", "Domain", "{2E608D36-67AE-47FA-A878-07EE5EC4A654}"
EndProject
Project("{FAE04EC0-301F-11D3-BF4B-00C04F79EFBC}") = "MicroRabbit.Transfer.Api", "MicroRabbit.Transfer.Api\MicroRabbit.Transfer.Api.csproj", "{3290C841-D71F-431E-B739-FBB100616AF7}"
EndProject
Project("{FAE04EC0-301F-11D3-BF4B-00C04F79EFBC}") = "MicroRabbit.Transfer.Application", "MicroRabbit.Transfer.Application\MicroRabbit.Transfer.Application.csproj", "{B08F3BB9-4BD7-42E3-ABF5-CB74C51F4214}"
EndProject
Project("{FAE04EC0-301F-11D3-BF4B-00C04F79EFBC}") = "MicroRabbit.Transfer.Data", "MicroRabbit.Transfer.Data\MicroRabbit.Transfer.Data.csproj", "{BCC90ABF-FC2F-4CCD-9776-C7030A6E2FBB}"
EndProject
Project("{FAE04EC0-301F-11D3-BF4B-00C04F79EFBC}") = "MicroRabbit.Transfer.Domain", "MicroRabbit.Transfer.Domain\MicroRabbit.Transfer.Domain.csproj", "{4038E835-68EB-4BDA-A0B5-6A21322715DB}"
EndProject
Global
	GlobalSection(SolutionConfigurationPlatforms) = preSolution
		Debug|Any CPU = Debug|Any CPU
		Release|Any CPU = Release|Any CPU
	EndGlobalSection
	GlobalSection(ProjectConfigurationPlatforms) = postSolution
		{89C5ED41-562F-40DB-B6C4-9E1DC4D2F8EB}.Debug|Any CPU.ActiveCfg = Debug|Any CPU
		{89C5ED41-562F-40DB-B6C4-9E1DC4D2F8EB}.Debug|Any CPU.Build.0 = Debug|Any CPU
		{89C5ED41-562F-40DB-B6C4-9E1DC4D2F8EB}.Release|Any CPU.ActiveCfg = Release|Any CPU
		{89C5ED41-562F-40DB-B6C4-9E1DC4D2F8EB}.Release|Any CPU.Build.0 = Release|Any CPU
		{FCBBCC09-E23D-40C0-89D6-C96633C06E92}.Debug|Any CPU.ActiveCfg = Debug|Any CPU
		{FCBBCC09-E23D-40C0-89D6-C96633C06E92}.Debug|Any CPU.Build.0 = Debug|Any CPU
		{FCBBCC09-E23D-40C0-89D6-C96633C06E92}.Release|Any CPU.ActiveCfg = Release|Any CPU
		{FCBBCC09-E23D-40C0-89D6-C96633C06E92}.Release|Any CPU.Build.0 = Release|Any CPU
		{1CB90FFE-3636-4A2C-9A0F-146200185D87}.Debug|Any CPU.ActiveCfg = Debug|Any CPU
		{1CB90FFE-3636-4A2C-9A0F-146200185D87}.Debug|Any CPU.Build.0 = Debug|Any CPU
		{1CB90FFE-3636-4A2C-9A0F-146200185D87}.Release|Any CPU.ActiveCfg = Release|Any CPU
		{1CB90FFE-3636-4A2C-9A0F-146200185D87}.Release|Any CPU.Build.0 = Release|Any CPU
		{015DA513-FB79-4CF1-A38C-5829BA3C3710}.Debug|Any CPU.ActiveCfg = Debug|Any CPU
		{015DA513-FB79-4CF1-A38C-5829BA3C3710}.Debug|Any CPU.Build.0 = Debug|Any CPU
		{015DA513-FB79-4CF1-A38C-5829BA3C3710}.Release|Any CPU.ActiveCfg = Release|Any CPU
		{015DA513-FB79-4CF1-A38C-5829BA3C3710}.Release|Any CPU.Build.0 = Release|Any CPU
		{CC928D39-90BF-4D0D-9A29-1016BFABD918}.Debug|Any CPU.ActiveCfg = Debug|Any CPU
		{CC928D39-90BF-4D0D-9A29-1016BFABD918}.Debug|Any CPU.Build.0 = Debug|Any CPU
		{CC928D39-90BF-4D0D-9A29-1016BFABD918}.Release|Any CPU.ActiveCfg = Release|Any CPU
		{CC928D39-90BF-4D0D-9A29-1016BFABD918}.Release|Any CPU.Build.0 = Release|Any CPU
		{12D8A9CA-A79E-495F-87EC-6EBDCD2CDBC3}.Debug|Any CPU.ActiveCfg = Debug|Any CPU
		{12D8A9CA-A79E-495F-87EC-6EBDCD2CDBC3}.Debug|Any CPU.Build.0 = Debug|Any CPU
		{12D8A9CA-A79E-495F-87EC-6EBDCD2CDBC3}.Release|Any CPU.ActiveCfg = Release|Any CPU
		{12D8A9CA-A79E-495F-87EC-6EBDCD2CDBC3}.Release|Any CPU.Build.0 = Release|Any CPU
		{AFF4E3AF-D81A-411E-B86F-4D40E8EFF6AE}.Debug|Any CPU.ActiveCfg = Debug|Any CPU
		{AFF4E3AF-D81A-411E-B86F-4D40E8EFF6AE}.Debug|Any CPU.Build.0 = Debug|Any CPU
		{AFF4E3AF-D81A-411E-B86F-4D40E8EFF6AE}.Release|Any CPU.ActiveCfg = Release|Any CPU
		{AFF4E3AF-D81A-411E-B86F-4D40E8EFF6AE}.Release|Any CPU.Build.0 = Release|Any CPU
		{3290C841-D71F-431E-B739-FBB100616AF7}.Debug|Any CPU.ActiveCfg = Debug|Any CPU
		{3290C841-D71F-431E-B739-FBB100616AF7}.Debug|Any CPU.Build.0 = Debug|Any CPU
		{3290C841-D71F-431E-B739-FBB100616AF7}.Release|Any CPU.ActiveCfg = Release|Any CPU
		{3290C841-D71F-431E-B739-FBB100616AF7}.Release|Any CPU.Build.0 = Release|Any CPU
		{B08F3BB9-4BD7-42E3-ABF5-CB74C51F4214}.Debug|Any CPU.ActiveCfg = Debug|Any CPU
		{B08F3BB9-4BD7-42E3-ABF5-CB74C51F4214}.Debug|Any CPU.Build.0 = Debug|Any CPU
		{B08F3BB9-4BD7-42E3-ABF5-CB74C51F4214}.Release|Any CPU.ActiveCfg = Release|Any CPU
		{B08F3BB9-4BD7-42E3-ABF5-CB74C51F4214}.Release|Any CPU.Build.0 = Release|Any CPU
		{BCC90ABF-FC2F-4CCD-9776-C7030A6E2FBB}.Debug|Any CPU.ActiveCfg = Debug|Any CPU
		{BCC90ABF-FC2F-4CCD-9776-C7030A6E2FBB}.Debug|Any CPU.Build.0 = Debug|Any CPU
		{BCC90ABF-FC2F-4CCD-9776-C7030A6E2FBB}.Release|Any CPU.ActiveCfg = Release|Any CPU
		{BCC90ABF-FC2F-4CCD-9776-C7030A6E2FBB}.Release|Any CPU.Build.0 = Release|Any CPU
		{4038E835-68EB-4BDA-A0B5-6A21322715DB}.Debug|Any CPU.ActiveCfg = Debug|Any CPU
		{4038E835-68EB-4BDA-A0B5-6A21322715DB}.Debug|Any CPU.Build.0 = Debug|Any CPU
		{4038E835-68EB-4BDA-A0B5-6A21322715DB}.Release|Any CPU.ActiveCfg = Release|Any CPU
		{4038E835-68EB-4BDA-A0B5-6A21322715DB}.Release|Any CPU.Build.0 = Release|Any CPU
	EndGlobalSection
	GlobalSection(SolutionProperties) = preSolution
		HideSolutionNode = FALSE
	EndGlobalSection
	GlobalSection(NestedProjects) = preSolution
		{89C5ED41-562F-40DB-B6C4-9E1DC4D2F8EB} = {6AB549F3-7589-45C5-B9A5-93A5B10736B4}
		{FCBBCC09-E23D-40C0-89D6-C96633C06E92} = {16749C43-AF75-4332-8F2C-D5320EB3C803}
		{1CB90FFE-3636-4A2C-9A0F-146200185D87} = {4F48B776-70B6-46DA-81A6-CBAF99183452}
		{4648D288-7A2E-4224-A016-3D07B7E25101} = {900CD42E-2E1C-4B13-8FA0-4A0358FCD15B}
		{55A239B1-22B5-4062-93CA-D4358FC850B5} = {4648D288-7A2E-4224-A016-3D07B7E25101}
		{EF21DF5C-EBFB-44E2-AA4B-3FE9B12241D8} = {4648D288-7A2E-4224-A016-3D07B7E25101}
		{61C75F7B-79A0-4177-8311-C0F1AC36539B} = {4648D288-7A2E-4224-A016-3D07B7E25101}
		{8E61FF80-7539-4CB2-B580-25EC6775FCB0} = {4648D288-7A2E-4224-A016-3D07B7E25101}
		{015DA513-FB79-4CF1-A38C-5829BA3C3710} = {55A239B1-22B5-4062-93CA-D4358FC850B5}
		{CC928D39-90BF-4D0D-9A29-1016BFABD918} = {EF21DF5C-EBFB-44E2-AA4B-3FE9B12241D8}
		{12D8A9CA-A79E-495F-87EC-6EBDCD2CDBC3} = {8E61FF80-7539-4CB2-B580-25EC6775FCB0}
		{AFF4E3AF-D81A-411E-B86F-4D40E8EFF6AE} = {61C75F7B-79A0-4177-8311-C0F1AC36539B}
		{47C8082E-3A4B-4380-9DF8-A86ADF5F35D0} = {900CD42E-2E1C-4B13-8FA0-4A0358FCD15B}
		{B99535FD-8742-417F-A8C4-E0765494CC95} = {47C8082E-3A4B-4380-9DF8-A86ADF5F35D0}
		{6114CEA8-F58E-44F9-A9BF-092FAF8F47F7} = {47C8082E-3A4B-4380-9DF8-A86ADF5F35D0}
		{2BFA0251-B720-4E2F-A9A7-D2089F020C85} = {47C8082E-3A4B-4380-9DF8-A86ADF5F35D0}
		{2E608D36-67AE-47FA-A878-07EE5EC4A654} = {47C8082E-3A4B-4380-9DF8-A86ADF5F35D0}
		{3290C841-D71F-431E-B739-FBB100616AF7} = {B99535FD-8742-417F-A8C4-E0765494CC95}
		{B08F3BB9-4BD7-42E3-ABF5-CB74C51F4214} = {6114CEA8-F58E-44F9-A9BF-092FAF8F47F7}
		{BCC90ABF-FC2F-4CCD-9776-C7030A6E2FBB} = {2BFA0251-B720-4E2F-A9A7-D2089F020C85}
		{4038E835-68EB-4BDA-A0B5-6A21322715DB} = {2E608D36-67AE-47FA-A878-07EE5EC4A654}
	EndGlobalSection
	GlobalSection(ExtensibilityGlobals) = postSolution
		SolutionGuid = {DBEA515C-4B97-4B55-AE68-E3A5542C7B3D}
	EndGlobalSection
EndGlobal
